// !$*UTF8*$!
{
	archiveVersion = 1;
	classes = {
	};
	objectVersion = 50;
	objects = {

/* Begin PBXBuildFile section */
		3376F49D255E38E6006317B9 /* AppDelegate.swift in Sources */ = {isa = PBXBuildFile; fileRef = 3376F49C255E38E6006317B9 /* AppDelegate.swift */; };
		3376F49F255E38E6006317B9 /* SceneDelegate.swift in Sources */ = {isa = PBXBuildFile; fileRef = 3376F49E255E38E6006317B9 /* SceneDelegate.swift */; };
		3376F4A1255E38E6006317B9 /* ViewController.swift in Sources */ = {isa = PBXBuildFile; fileRef = 3376F4A0255E38E6006317B9 /* ViewController.swift */; };
		3376F4A4255E38E6006317B9 /* Main.storyboard in Resources */ = {isa = PBXBuildFile; fileRef = 3376F4A2255E38E6006317B9 /* Main.storyboard */; };
		3376F4A6255E38EB006317B9 /* Assets.xcassets in Resources */ = {isa = PBXBuildFile; fileRef = 3376F4A5255E38EB006317B9 /* Assets.xcassets */; };
		3376F4A9255E38EB006317B9 /* LaunchScreen.storyboard in Resources */ = {isa = PBXBuildFile; fileRef = 3376F4A7255E38EB006317B9 /* LaunchScreen.storyboard */; };
		3376F4B2255E4045006317B9 /* FairPlayer.swift in Sources */ = {isa = PBXBuildFile; fileRef = 3376F4B1255E4045006317B9 /* FairPlayer.swift */; };
/* End PBXBuildFile section */

/* Begin PBXFileReference section */
		3376F499255E38E6006317B9 /* AVPlayerFairplay.app */ = {isa = PBXFileReference; explicitFileType = wrapper.application; includeInIndex = 0; path = AVPlayerFairplay.app; sourceTree = BUILT_PRODUCTS_DIR; };
		3376F49C255E38E6006317B9 /* AppDelegate.swift */ = {isa = PBXFileReference; lastKnownFileType = sourcecode.swift; path = AppDelegate.swift; sourceTree = "<group>"; };
		3376F49E255E38E6006317B9 /* SceneDelegate.swift */ = {isa = PBXFileReference; lastKnownFileType = sourcecode.swift; path = SceneDelegate.swift; sourceTree = "<group>"; };
		3376F4A0255E38E6006317B9 /* ViewController.swift */ = {isa = PBXFileReference; lastKnownFileType = sourcecode.swift; path = ViewController.swift; sourceTree = "<group>"; };
		3376F4A3255E38E6006317B9 /* Base */ = {isa = PBXFileReference; lastKnownFileType = file.storyboard; name = Base; path = Base.lproj/Main.storyboard; sourceTree = "<group>"; };
		3376F4A5255E38EB006317B9 /* Assets.xcassets */ = {isa = PBXFileReference; lastKnownFileType = folder.assetcatalog; path = Assets.xcassets; sourceTree = "<group>"; };
		3376F4A8255E38EB006317B9 /* Base */ = {isa = PBXFileReference; lastKnownFileType = file.storyboard; name = Base; path = Base.lproj/LaunchScreen.storyboard; sourceTree = "<group>"; };
		3376F4AA255E38EB006317B9 /* Info.plist */ = {isa = PBXFileReference; lastKnownFileType = text.plist.xml; path = Info.plist; sourceTree = "<group>"; };
		3376F4B1255E4045006317B9 /* FairPlayer.swift */ = {isa = PBXFileReference; lastKnownFileType = sourcecode.swift; path = FairPlayer.swift; sourceTree = "<group>"; };
/* End PBXFileReference section */

/* Begin PBXFrameworksBuildPhase section */
		3376F496255E38E6006317B9 /* Frameworks */ = {
			isa = PBXFrameworksBuildPhase;
			buildActionMask = 2147483647;
			files = (
			);
			runOnlyForDeploymentPostprocessing = 0;
		};
/* End PBXFrameworksBuildPhase section */

/* Begin PBXGroup section */
		3376F490255E38E6006317B9 = {
			isa = PBXGroup;
			children = (
				3376F49B255E38E6006317B9 /* AVPlayerFairplay */,
				3376F49A255E38E6006317B9 /* Products */,
			);
			sourceTree = "<group>";
		};
		3376F49A255E38E6006317B9 /* Products */ = {
			isa = PBXGroup;
			children = (
				3376F499255E38E6006317B9 /* AVPlayerFairplay.app */,
			);
			name = Products;
			sourceTree = "<group>";
		};
		3376F49B255E38E6006317B9 /* AVPlayerFairplay */ = {
			isa = PBXGroup;
			children = (
				3376F49C255E38E6006317B9 /* AppDelegate.swift */,
				3376F49E255E38E6006317B9 /* SceneDelegate.swift */,
				3376F4A0255E38E6006317B9 /* ViewController.swift */,
				3376F4A2255E38E6006317B9 /* Main.storyboard */,
				3376F4A5255E38EB006317B9 /* Assets.xcassets */,
				3376F4A7255E38EB006317B9 /* LaunchScreen.storyboard */,
				3376F4AA255E38EB006317B9 /* Info.plist */,
				3376F4B1255E4045006317B9 /* FairPlayer.swift */,
			);
			path = AVPlayerFairplay;
			sourceTree = "<group>";
		};
/* End PBXGroup section */

/* Begin PBXNativeTarget section */
		3376F498255E38E6006317B9 /* AVPlayerFairplay */ = {
			isa = PBXNativeTarget;
			buildConfigurationList = 3376F4AD255E38EB006317B9 /* Build configuration list for PBXNativeTarget "AVPlayerFairplay" */;
			buildPhases = (
				3376F495255E38E6006317B9 /* Sources */,
				3376F496255E38E6006317B9 /* Frameworks */,
				3376F497255E38E6006317B9 /* Resources */,
			);
			buildRules = (
			);
			dependencies = (
			);
			name = AVPlayerFairplay;
			productName = AVPlayerFairplay;
			productReference = 3376F499255E38E6006317B9 /* AVPlayerFairplay.app */;
			productType = "com.apple.product-type.application";
		};
/* End PBXNativeTarget section */

/* Begin PBXProject section */
		3376F491255E38E6006317B9 /* Project object */ = {
			isa = PBXProject;
			attributes = {
				LastSwiftUpdateCheck = 1160;
				LastUpgradeCheck = 1160;
				ORGANIZATIONNAME = "Meidiana Monica";
				TargetAttributes = {
					3376F498255E38E6006317B9 = {
						CreatedOnToolsVersion = 11.6;
					};
				};
			};
			buildConfigurationList = 3376F494255E38E6006317B9 /* Build configuration list for PBXProject "AVPlayerFairplay" */;
			compatibilityVersion = "Xcode 9.3";
			developmentRegion = en;
			hasScannedForEncodings = 0;
			knownRegions = (
				en,
				Base,
			);
			mainGroup = 3376F490255E38E6006317B9;
			productRefGroup = 3376F49A255E38E6006317B9 /* Products */;
			projectDirPath = "";
			projectRoot = "";
			targets = (
				3376F498255E38E6006317B9 /* AVPlayerFairplay */,
			);
		};
/* End PBXProject section */

/* Begin PBXResourcesBuildPhase section */
		3376F497255E38E6006317B9 /* Resources */ = {
			isa = PBXResourcesBuildPhase;
			buildActionMask = 2147483647;
			files = (
				3376F4A9255E38EB006317B9 /* LaunchScreen.storyboard in Resources */,
				3376F4A6255E38EB006317B9 /* Assets.xcassets in Resources */,
				3376F4A4255E38E6006317B9 /* Main.storyboard in Resources */,
			);
			runOnlyForDeploymentPostprocessing = 0;
		};
/* End PBXResourcesBuildPhase section */

/* Begin PBXSourcesBuildPhase section */
		3376F495255E38E6006317B9 /* Sources */ = {
			isa = PBXSourcesBuildPhase;
			buildActionMask = 2147483647;
			files = (
				3376F4A1255E38E6006317B9 /* ViewController.swift in Sources */,
				3376F49D255E38E6006317B9 /* AppDelegate.swift in Sources */,
				3376F4B2255E4045006317B9 /* FairPlayer.swift in Sources */,
				3376F49F255E38E6006317B9 /* SceneDelegate.swift in Sources */,
			);
			runOnlyForDeploymentPostprocessing = 0;
		};
/* End PBXSourcesBuildPhase section */

/* Begin PBXVariantGroup section */
		3376F4A2255E38E6006317B9 /* Main.storyboard */ = {
			isa = PBXVariantGroup;
			children = (
				3376F4A3255E38E6006317B9 /* Base */,
			);
			name = Main.storyboard;
			sourceTree = "<group>";
		};
		3376F4A7255E38EB006317B9 /* LaunchScreen.storyboard */ = {
			isa = PBXVariantGroup;
			children = (
				3376F4A8255E38EB006317B9 /* Base */,
			);
			name = LaunchScreen.storyboard;
			sourceTree = "<group>";
		};
/* End PBXVariantGroup section */

/* Begin XCBuildConfiguration section */
		3376F4AB255E38EB006317B9 /* Debug */ = {
			isa = XCBuildConfiguration;
			buildSettings = {
				ALWAYS_SEARCH_USER_PATHS = NO;
				CLANG_ANALYZER_NONNULL = YES;
				CLANG_ANALYZER_NUMBER_OBJECT_CONVERSION = YES_AGGRESSIVE;
				CLANG_CXX_LANGUAGE_STANDARD = "gnu++14";
				CLANG_CXX_LIBRARY = "libc++";
				CLANG_ENABLE_MODULES = YES;
				CLANG_ENABLE_OBJC_ARC = YES;
				CLANG_ENABLE_OBJC_WEAK = YES;
				CLANG_WARN_BLOCK_CAPTURE_AUTORELEASING = YES;
				CLANG_WARN_BOOL_CONVERSION = YES;
				CLANG_WARN_COMMA = YES;
				CLANG_WARN_CONSTANT_CONVERSION = YES;
				CLANG_WARN_DEPRECATED_OBJC_IMPLEMENTATIONS = YES;
				CLANG_WARN_DIRECT_OBJC_ISA_USAGE = YES_ERROR;
				CLANG_WARN_DOCUMENTATION_COMMENTS = YES;
				CLANG_WARN_EMPTY_BODY = YES;
				CLANG_WARN_ENUM_CONVERSION = YES;
				CLANG_WARN_INFINITE_RECURSION = YES;
				CLANG_WARN_INT_CONVERSION = YES;
				CLANG_WARN_NON_LITERAL_NULL_CONVERSION = YES;
				CLANG_WARN_OBJC_IMPLICIT_RETAIN_SELF = YES;
				CLANG_WARN_OBJC_LITERAL_CONVERSION = YES;
				CLANG_WARN_OBJC_ROOT_CLASS = YES_ERROR;
				CLANG_WARN_RANGE_LOOP_ANALYSIS = YES;
				CLANG_WARN_STRICT_PROTOTYPES = YES;
				CLANG_WARN_SUSPICIOUS_MOVE = YES;
				CLANG_WARN_UNGUARDED_AVAILABILITY = YES_AGGRESSIVE;
				CLANG_WARN_UNREACHABLE_CODE = YES;
				CLANG_WARN__DUPLICATE_METHOD_MATCH = YES;
				COPY_PHASE_STRIP = NO;
				DEBUG_INFORMATION_FORMAT = dwarf;
				ENABLE_STRICT_OBJC_MSGSEND = YES;
				ENABLE_TESTABILITY = YES;
				GCC_C_LANGUAGE_STANDARD = gnu11;
				GCC_DYNAMIC_NO_PIC = NO;
				GCC_NO_COMMON_BLOCKS = YES;
				GCC_OPTIMIZATION_LEVEL = 0;
				GCC_PREPROCESSOR_DEFINITIONS = (
					"DEBUG=1",
					"$(inherited)",
				);
				GCC_WARN_64_TO_32_BIT_CONVERSION = YES;
				GCC_WARN_ABOUT_RETURN_TYPE = YES_ERROR;
				GCC_WARN_UNDECLARED_SELECTOR = YES;
				GCC_WARN_UNINITIALIZED_AUTOS = YES_AGGRESSIVE;
				GCC_WARN_UNUSED_FUNCTION = YES;
				GCC_WARN_UNUSED_VARIABLE = YES;
				IPHONEOS_DEPLOYMENT_TARGET = 13.6;
				MTL_ENABLE_DEBUG_INFO = INCLUDE_SOURCE;
				MTL_FAST_MATH = YES;
				ONLY_ACTIVE_ARCH = YES;
				SDKROOT = iphoneos;
				SWIFT_ACTIVE_COMPILATION_CONDITIONS = DEBUG;
				SWIFT_OPTIMIZATION_LEVEL = "-Onone";
			};
			name = Debug;
		};
		3376F4AC255E38EB006317B9 /* Release */ = {
			isa = XCBuildConfiguration;
			buildSettings = {
				ALWAYS_SEARCH_USER_PATHS = NO;
				CLANG_ANALYZER_NONNULL = YES;
				CLANG_ANALYZER_NUMBER_OBJECT_CONVERSION = YES_AGGRESSIVE;
				CLANG_CXX_LANGUAGE_STANDARD = "gnu++14";
				CLANG_CXX_LIBRARY = "libc++";
				CLANG_ENABLE_MODULES = YES;
				CLANG_ENABLE_OBJC_ARC = YES;
				CLANG_ENABLE_OBJC_WEAK = YES;
				CLANG_WARN_BLOCK_CAPTURE_AUTORELEASING = YES;
				CLANG_WARN_BOOL_CONVERSION = YES;
				CLANG_WARN_COMMA = YES;
				CLANG_WARN_CONSTANT_CONVERSION = YES;
				CLANG_WARN_DEPRECATED_OBJC_IMPLEMENTATIONS = YES;
				CLANG_WARN_DIRECT_OBJC_ISA_USAGE = YES_ERROR;
				CLANG_WARN_DOCUMENTATION_COMMENTS = YES;
				CLANG_WARN_EMPTY_BODY = YES;
				CLANG_WARN_ENUM_CONVERSION = YES;
				CLANG_WARN_INFINITE_RECURSION = YES;
				CLANG_WARN_INT_CONVERSION = YES;
				CLANG_WARN_NON_LITERAL_NULL_CONVERSION = YES;
				CLANG_WARN_OBJC_IMPLICIT_RETAIN_SELF = YES;
				CLANG_WARN_OBJC_LITERAL_CONVERSION = YES;
				CLANG_WARN_OBJC_ROOT_CLASS = YES_ERROR;
				CLANG_WARN_RANGE_LOOP_ANALYSIS = YES;
				CLANG_WARN_STRICT_PROTOTYPES = YES;
				CLANG_WARN_SUSPICIOUS_MOVE = YES;
				CLANG_WARN_UNGUARDED_AVAILABILITY = YES_AGGRESSIVE;
				CLANG_WARN_UNREACHABLE_CODE = YES;
				CLANG_WARN__DUPLICATE_METHOD_MATCH = YES;
				COPY_PHASE_STRIP = NO;
				DEBUG_INFORMATION_FORMAT = "dwarf-with-dsym";
				ENABLE_NS_ASSERTIONS = NO;
				ENABLE_STRICT_OBJC_MSGSEND = YES;
				GCC_C_LANGUAGE_STANDARD = gnu11;
				GCC_NO_COMMON_BLOCKS = YES;
				GCC_WARN_64_TO_32_BIT_CONVERSION = YES;
				GCC_WARN_ABOUT_RETURN_TYPE = YES_ERROR;
				GCC_WARN_UNDECLARED_SELECTOR = YES;
				GCC_WARN_UNINITIALIZED_AUTOS = YES_AGGRESSIVE;
				GCC_WARN_UNUSED_FUNCTION = YES;
				GCC_WARN_UNUSED_VARIABLE = YES;
				IPHONEOS_DEPLOYMENT_TARGET = 13.6;
				MTL_ENABLE_DEBUG_INFO = NO;
				MTL_FAST_MATH = YES;
				SDKROOT = iphoneos;
				SWIFT_COMPILATION_MODE = wholemodule;
				SWIFT_OPTIMIZATION_LEVEL = "-O";
				VALIDATE_PRODUCT = YES;
			};
			name = Release;
		};
		3376F4AE255E38EB006317B9 /* Debug */ = {
			isa = XCBuildConfiguration;
			buildSettings = {
				ASSETCATALOG_COMPILER_APPICON_NAME = AppIcon;
				CODE_SIGN_STYLE = Automatic;
				DEVELOPMENT_TEAM = TPEU763568;
				INFOPLIST_FILE = AVPlayerFairplay/Info.plist;
				LD_RUNPATH_SEARCH_PATHS = (
					"$(inherited)",
					"@executable_path/Frameworks",
				);
				PRODUCT_BUNDLE_IDENTIFIER = mei.AVPlayerFairplay;
				PRODUCT_NAME = "$(TARGET_NAME)";
				SWIFT_VERSION = 5.0;
				TARGETED_DEVICE_FAMILY = "1,2";
			};
			name = Debug;
		};
		3376F4AF255E38EB006317B9 /* Release */ = {
			isa = XCBuildConfiguration;
			buildSettings = {
				ASSETCATALOG_COMPILER_APPICON_NAME = AppIcon;
				CODE_SIGN_STYLE = Automatic;
				DEVELOPMENT_TEAM = TPEU763568;
				INFOPLIST_FILE = AVPlayerFairplay/Info.plist;
				LD_RUNPATH_SEARCH_PATHS = (
					"$(inherited)",
					"@executable_path/Frameworks",
				);
				PRODUCT_BUNDLE_IDENTIFIER = mei.AVPlayerFairplay;
				PRODUCT_NAME = "$(TARGET_NAME)";
				SWIFT_VERSION = 5.0;
				TARGETED_DEVICE_FAMILY = "1,2";
			};
			name = Release;
		};
/* End XCBuildConfiguration section */

/* Begin XCConfigurationList section */
		3376F494255E38E6006317B9 /* Build configuration list for PBXProject "AVPlayerFairplay" */ = {
			isa = XCConfigurationList;
			buildConfigurations = (
				3376F4AB255E38EB006317B9 /* Debug */,
				3376F4AC255E38EB006317B9 /* Release */,
			);
			defaultConfigurationIsVisible = 0;
			defaultConfigurationName = Release;
		};
		3376F4AD255E38EB006317B9 /* Build configuration list for PBXNativeTarget "AVPlayerFairplay" */ = {
			isa = XCConfigurationList;
			buildConfigurations = (
				3376F4AE255E38EB006317B9 /* Debug */,
				3376F4AF255E38EB006317B9 /* Release */,
			);
			defaultConfigurationIsVisible = 0;
			defaultConfigurationName = Release;
		};
/* End XCConfigurationList section */
	};
	rootObject = 3376F491255E38E6006317B9 /* Project object */;
}
